
Microsoft Visual Studio Solution File, Format Version 12.00
# Visual Studio Version 17
VisualStudioVersion = 17.7.34003.232
MinimumVisualStudioVersion = 10.0.40219.1
Project("{FAE04EC0-301F-11D3-BF4B-00C04F79EFBC}") = "Exercicio04", "Exercicio04.csproj", "{D722F55B-2B75-4EE1-BFA4-C7BD085A21F2}"
EndProject
Global
	GlobalSection(SolutionConfigurationPlatforms) = preSolution
		Debug|Any CPU = Debug|Any CPU
		Release|Any CPU = Release|Any CPU
	EndGlobalSection
	GlobalSection(ProjectConfigurationPlatforms) = postSolution
		{D722F55B-2B75-4EE1-BFA4-C7BD085A21F2}.Debug|Any CPU.ActiveCfg = Debug|Any CPU
		{D722F55B-2B75-4EE1-BFA4-C7BD085A21F2}.Debug|Any CPU.Build.0 = Debug|Any CPU
		{D722F55B-2B75-4EE1-BFA4-C7BD085A21F2}.Release|Any CPU.ActiveCfg = Release|Any CPU
		{D722F55B-2B75-4EE1-BFA4-C7BD085A21F2}.Release|Any CPU.Build.0 = Release|Any CPU
	EndGlobalSection
	GlobalSection(SolutionProperties) = preSolution
		HideSolutionNode = FALSE
	EndGlobalSection
	GlobalSection(ExtensibilityGlobals) = postSolution
		SolutionGuid = {AA7B330F-E6E0-47AB-BB58-69584F4A1BDF}
	EndGlobalSection
EndGlobal
