
Microsoft Visual Studio Solution File, Format Version 12.00
# Visual Studio Version 17
VisualStudioVersion = 17.7.34003.232
MinimumVisualStudioVersion = 10.0.40219.1
Project("{FAE04EC0-301F-11D3-BF4B-00C04F79EFBC}") = "Exercicio15", "Exercicio15.csproj", "{C836E289-710D-44DB-B6DB-77FE849F870C}"
EndProject
Global
	GlobalSection(SolutionConfigurationPlatforms) = preSolution
		Debug|Any CPU = Debug|Any CPU
		Release|Any CPU = Release|Any CPU
	EndGlobalSection
	GlobalSection(ProjectConfigurationPlatforms) = postSolution
		{C836E289-710D-44DB-B6DB-77FE849F870C}.Debug|Any CPU.ActiveCfg = Debug|Any CPU
		{C836E289-710D-44DB-B6DB-77FE849F870C}.Debug|Any CPU.Build.0 = Debug|Any CPU
		{C836E289-710D-44DB-B6DB-77FE849F870C}.Release|Any CPU.ActiveCfg = Release|Any CPU
		{C836E289-710D-44DB-B6DB-77FE849F870C}.Release|Any CPU.Build.0 = Release|Any CPU
	EndGlobalSection
	GlobalSection(SolutionProperties) = preSolution
		HideSolutionNode = FALSE
	EndGlobalSection
	GlobalSection(ExtensibilityGlobals) = postSolution
		SolutionGuid = {B92EEBB6-4190-4399-BDD3-764C61EF51E9}
	EndGlobalSection
EndGlobal
