
Microsoft Visual Studio Solution File, Format Version 12.00
# Visual Studio Version 17
VisualStudioVersion = 17.7.34003.232
MinimumVisualStudioVersion = 10.0.40219.1
Project("{FAE04EC0-301F-11D3-BF4B-00C04F79EFBC}") = "ExercicioListas", "ExercicioListas.csproj", "{7DF3E71E-881B-4E7E-BC41-FE97EF502ACA}"
EndProject
Global
	GlobalSection(SolutionConfigurationPlatforms) = preSolution
		Debug|Any CPU = Debug|Any CPU
		Release|Any CPU = Release|Any CPU
	EndGlobalSection
	GlobalSection(ProjectConfigurationPlatforms) = postSolution
		{7DF3E71E-881B-4E7E-BC41-FE97EF502ACA}.Debug|Any CPU.ActiveCfg = Debug|Any CPU
		{7DF3E71E-881B-4E7E-BC41-FE97EF502ACA}.Debug|Any CPU.Build.0 = Debug|Any CPU
		{7DF3E71E-881B-4E7E-BC41-FE97EF502ACA}.Release|Any CPU.ActiveCfg = Release|Any CPU
		{7DF3E71E-881B-4E7E-BC41-FE97EF502ACA}.Release|Any CPU.Build.0 = Release|Any CPU
	EndGlobalSection
	GlobalSection(SolutionProperties) = preSolution
		HideSolutionNode = FALSE
	EndGlobalSection
	GlobalSection(ExtensibilityGlobals) = postSolution
		SolutionGuid = {90798523-BC70-442D-A3FF-7E6B3C1140FA}
	EndGlobalSection
EndGlobal
