
Microsoft Visual Studio Solution File, Format Version 12.00
# Visual Studio Version 17
VisualStudioVersion = 17.7.34003.232
MinimumVisualStudioVersion = 10.0.40219.1
Project("{FAE04EC0-301F-11D3-BF4B-00C04F79EFBC}") = "Exercicio06", "Exercicio06.csproj", "{DCD31F50-A0D6-457D-8ECB-0518A5CA800D}"
EndProject
Global
	GlobalSection(SolutionConfigurationPlatforms) = preSolution
		Debug|Any CPU = Debug|Any CPU
		Release|Any CPU = Release|Any CPU
	EndGlobalSection
	GlobalSection(ProjectConfigurationPlatforms) = postSolution
		{DCD31F50-A0D6-457D-8ECB-0518A5CA800D}.Debug|Any CPU.ActiveCfg = Debug|Any CPU
		{DCD31F50-A0D6-457D-8ECB-0518A5CA800D}.Debug|Any CPU.Build.0 = Debug|Any CPU
		{DCD31F50-A0D6-457D-8ECB-0518A5CA800D}.Release|Any CPU.ActiveCfg = Release|Any CPU
		{DCD31F50-A0D6-457D-8ECB-0518A5CA800D}.Release|Any CPU.Build.0 = Release|Any CPU
	EndGlobalSection
	GlobalSection(SolutionProperties) = preSolution
		HideSolutionNode = FALSE
	EndGlobalSection
	GlobalSection(ExtensibilityGlobals) = postSolution
		SolutionGuid = {3A2D3B46-8C22-4303-B0FF-6A2B3A4AA262}
	EndGlobalSection
EndGlobal
