
Microsoft Visual Studio Solution File, Format Version 12.00
# Visual Studio Version 17
VisualStudioVersion = 17.7.34003.232
MinimumVisualStudioVersion = 10.0.40219.1
Project("{FAE04EC0-301F-11D3-BF4B-00C04F79EFBC}") = "Exercicio19", "Exercicio19.csproj", "{82F45559-2371-4B00-9A1D-1E1B119797BD}"
EndProject
Global
	GlobalSection(SolutionConfigurationPlatforms) = preSolution
		Debug|Any CPU = Debug|Any CPU
		Release|Any CPU = Release|Any CPU
	EndGlobalSection
	GlobalSection(ProjectConfigurationPlatforms) = postSolution
		{82F45559-2371-4B00-9A1D-1E1B119797BD}.Debug|Any CPU.ActiveCfg = Debug|Any CPU
		{82F45559-2371-4B00-9A1D-1E1B119797BD}.Debug|Any CPU.Build.0 = Debug|Any CPU
		{82F45559-2371-4B00-9A1D-1E1B119797BD}.Release|Any CPU.ActiveCfg = Release|Any CPU
		{82F45559-2371-4B00-9A1D-1E1B119797BD}.Release|Any CPU.Build.0 = Release|Any CPU
	EndGlobalSection
	GlobalSection(SolutionProperties) = preSolution
		HideSolutionNode = FALSE
	EndGlobalSection
	GlobalSection(ExtensibilityGlobals) = postSolution
		SolutionGuid = {AA38BEF7-D9DB-48F4-9871-FE5503663DED}
	EndGlobalSection
EndGlobal
