
Microsoft Visual Studio Solution File, Format Version 12.00
# Visual Studio Version 17
VisualStudioVersion = 17.7.34003.232
MinimumVisualStudioVersion = 10.0.40219.1
Project("{FAE04EC0-301F-11D3-BF4B-00C04F79EFBC}") = "Exercicio10", "Exercicio10.csproj", "{5785E5BB-142B-4CA5-A644-C96DFDD171BA}"
EndProject
Global
	GlobalSection(SolutionConfigurationPlatforms) = preSolution
		Debug|Any CPU = Debug|Any CPU
		Release|Any CPU = Release|Any CPU
	EndGlobalSection
	GlobalSection(ProjectConfigurationPlatforms) = postSolution
		{5785E5BB-142B-4CA5-A644-C96DFDD171BA}.Debug|Any CPU.ActiveCfg = Debug|Any CPU
		{5785E5BB-142B-4CA5-A644-C96DFDD171BA}.Debug|Any CPU.Build.0 = Debug|Any CPU
		{5785E5BB-142B-4CA5-A644-C96DFDD171BA}.Release|Any CPU.ActiveCfg = Release|Any CPU
		{5785E5BB-142B-4CA5-A644-C96DFDD171BA}.Release|Any CPU.Build.0 = Release|Any CPU
	EndGlobalSection
	GlobalSection(SolutionProperties) = preSolution
		HideSolutionNode = FALSE
	EndGlobalSection
	GlobalSection(ExtensibilityGlobals) = postSolution
		SolutionGuid = {F2AABC6E-6129-4CAF-8819-64EE78C8A247}
	EndGlobalSection
EndGlobal
