
Microsoft Visual Studio Solution File, Format Version 12.00
# Visual Studio Version 17
VisualStudioVersion = 17.7.34003.232
MinimumVisualStudioVersion = 10.0.40219.1
Project("{FAE04EC0-301F-11D3-BF4B-00C04F79EFBC}") = "Exercicio05", "Exercicio05.csproj", "{08C935A5-64D7-497A-8AAE-BBE5082008BB}"
EndProject
Global
	GlobalSection(SolutionConfigurationPlatforms) = preSolution
		Debug|Any CPU = Debug|Any CPU
		Release|Any CPU = Release|Any CPU
	EndGlobalSection
	GlobalSection(ProjectConfigurationPlatforms) = postSolution
		{08C935A5-64D7-497A-8AAE-BBE5082008BB}.Debug|Any CPU.ActiveCfg = Debug|Any CPU
		{08C935A5-64D7-497A-8AAE-BBE5082008BB}.Debug|Any CPU.Build.0 = Debug|Any CPU
		{08C935A5-64D7-497A-8AAE-BBE5082008BB}.Release|Any CPU.ActiveCfg = Release|Any CPU
		{08C935A5-64D7-497A-8AAE-BBE5082008BB}.Release|Any CPU.Build.0 = Release|Any CPU
	EndGlobalSection
	GlobalSection(SolutionProperties) = preSolution
		HideSolutionNode = FALSE
	EndGlobalSection
	GlobalSection(ExtensibilityGlobals) = postSolution
		SolutionGuid = {EFE443BC-735E-4463-8255-DD3653410379}
	EndGlobalSection
EndGlobal
